
Microsoft Visual Studio Solution File, Format Version 12.00
# Visual Studio 14
VisualStudioVersion = 14.0.25420.1
MinimumVisualStudioVersion = 10.0.40219.1
Project("{8BC9CEB8-8B4A-11D0-8D11-00A0C91BC942}") = "generate-noise", "generate-noise\generate-noise.vcxproj", "{105831A4-3333-4C00-AFB0-13862A772398}"
EndProject
Project("{8BC9CEB8-8B4A-11D0-8D11-00A0C91BC942}") = "ntss-block-matching", "ntss-block-matching\ntss-block-matching.vcxproj", "{062549C1-3EE4-4AD0-887F-A8C870CF7EC0}"
EndProject
Project("{8BC9CEB8-8B4A-11D0-8D11-00A0C91BC942}") = "VWS-PSNR", "VWS-PSNR\VWS-PSNR.vcxproj", "{9A019341-205F-4ABB-8019-F2C20FA71518}"
EndProject
Global
	GlobalSection(SolutionConfigurationPlatforms) = preSolution
		Debug|x64 = Debug|x64
		Debug|x86 = Debug|x86
		Release|x64 = Release|x64
		Release|x86 = Release|x86
	EndGlobalSection
	GlobalSection(ProjectConfigurationPlatforms) = postSolution
		{105831A4-3333-4C00-AFB0-13862A772398}.Debug|x64.ActiveCfg = Debug|Win32
		{105831A4-3333-4C00-AFB0-13862A772398}.Debug|x86.ActiveCfg = Debug|Win32
		{105831A4-3333-4C00-AFB0-13862A772398}.Debug|x86.Build.0 = Debug|Win32
		{105831A4-3333-4C00-AFB0-13862A772398}.Release|x64.ActiveCfg = Release|Win32
		{105831A4-3333-4C00-AFB0-13862A772398}.Release|x86.ActiveCfg = Release|Win32
		{105831A4-3333-4C00-AFB0-13862A772398}.Release|x86.Build.0 = Release|Win32
		{062549C1-3EE4-4AD0-887F-A8C870CF7EC0}.Debug|x64.ActiveCfg = Debug|Win32
		{062549C1-3EE4-4AD0-887F-A8C870CF7EC0}.Debug|x86.ActiveCfg = Debug|Win32
		{062549C1-3EE4-4AD0-887F-A8C870CF7EC0}.Debug|x86.Build.0 = Debug|Win32
		{062549C1-3EE4-4AD0-887F-A8C870CF7EC0}.Release|x64.ActiveCfg = Release|Win32
		{062549C1-3EE4-4AD0-887F-A8C870CF7EC0}.Release|x86.ActiveCfg = Release|Win32
		{062549C1-3EE4-4AD0-887F-A8C870CF7EC0}.Release|x86.Build.0 = Release|Win32
		{9A019341-205F-4ABB-8019-F2C20FA71518}.Debug|x64.ActiveCfg = Debug|x64
		{9A019341-205F-4ABB-8019-F2C20FA71518}.Debug|x64.Build.0 = Debug|x64
		{9A019341-205F-4ABB-8019-F2C20FA71518}.Debug|x86.ActiveCfg = Debug|Win32
		{9A019341-205F-4ABB-8019-F2C20FA71518}.Debug|x86.Build.0 = Debug|Win32
		{9A019341-205F-4ABB-8019-F2C20FA71518}.Release|x64.ActiveCfg = Release|x64
		{9A019341-205F-4ABB-8019-F2C20FA71518}.Release|x64.Build.0 = Release|x64
		{9A019341-205F-4ABB-8019-F2C20FA71518}.Release|x86.ActiveCfg = Release|Win32
		{9A019341-205F-4ABB-8019-F2C20FA71518}.Release|x86.Build.0 = Release|Win32
	EndGlobalSection
	GlobalSection(SolutionProperties) = preSolution
		HideSolutionNode = FALSE
	EndGlobalSection
EndGlobal
