
Microsoft Visual Studio Solution File, Format Version 12.00
# Visual Studio 14
VisualStudioVersion = 14.0.25420.1
MinimumVisualStudioVersion = 10.0.40219.1
Project("{8BC9CEB8-8B4A-11D0-8D11-00A0C91BC942}") = "generate-noise", "generate-noise\generate-noise.vcxproj", "{105831A4-3333-4C00-AFB0-13862A772398}"
EndProject
Project("{8BC9CEB8-8B4A-11D0-8D11-00A0C91BC942}") = "ntss-block-matching", "ntss-block-matching\ntss-block-matching.vcxproj", "{062549C1-3EE4-4AD0-887F-A8C870CF7EC0}"
EndProject
Project("{8BC9CEB8-8B4A-11D0-8D11-00A0C91BC942}") = "vws-psnr", "vws-psnr\vws-psnr.vcxproj", "{85C92AAD-6F72-4263-8F2F-16E7B02B088C}"
EndProject
Project("{8BC9CEB8-8B4A-11D0-8D11-00A0C91BC942}") = "yuv-splitter", "yuv-splitter\yuv-splitter.vcxproj", "{78C35E8C-1F61-40C0-A85B-5477C131C478}"
EndProject
Project("{8BC9CEB8-8B4A-11D0-8D11-00A0C91BC942}") = "ws-psnr", "ws-psnr\ws-psnr.vcxproj", "{EDC72272-567A-4AEB-AB4D-52503EE42301}"
EndProject
Project("{8BC9CEB8-8B4A-11D0-8D11-00A0C91BC942}") = "psnr", "psnr\psnr.vcxproj", "{AF64754F-42E8-43E4-B245-5A5BF16A6FC9}"
EndProject
Project("{8BC9CEB8-8B4A-11D0-8D11-00A0C91BC942}") = "s-psnr", "s-psnr\s-psnr.vcxproj", "{66E83814-17BF-4F9A-B931-4F6B6154A9F3}"
EndProject
Project("{8BC9CEB8-8B4A-11D0-8D11-00A0C91BC942}") = "ov-psnr", "ov-psnr\ov-psnr.vcxproj", "{F5D21041-154B-4231-8B75-080206F69634}"
EndProject
Global
	GlobalSection(SolutionConfigurationPlatforms) = preSolution
		Debug|x64 = Debug|x64
		Release|x64 = Release|x64
	EndGlobalSection
	GlobalSection(ProjectConfigurationPlatforms) = postSolution
		{105831A4-3333-4C00-AFB0-13862A772398}.Debug|x64.ActiveCfg = Debug|x64
		{105831A4-3333-4C00-AFB0-13862A772398}.Debug|x64.Build.0 = Debug|x64
		{105831A4-3333-4C00-AFB0-13862A772398}.Release|x64.ActiveCfg = Release|x64
		{105831A4-3333-4C00-AFB0-13862A772398}.Release|x64.Build.0 = Release|x64
		{062549C1-3EE4-4AD0-887F-A8C870CF7EC0}.Debug|x64.ActiveCfg = Debug|x64
		{062549C1-3EE4-4AD0-887F-A8C870CF7EC0}.Debug|x64.Build.0 = Debug|x64
		{062549C1-3EE4-4AD0-887F-A8C870CF7EC0}.Release|x64.ActiveCfg = Release|x64
		{062549C1-3EE4-4AD0-887F-A8C870CF7EC0}.Release|x64.Build.0 = Release|x64
		{85C92AAD-6F72-4263-8F2F-16E7B02B088C}.Debug|x64.ActiveCfg = Debug|x64
		{85C92AAD-6F72-4263-8F2F-16E7B02B088C}.Debug|x64.Build.0 = Debug|x64
		{85C92AAD-6F72-4263-8F2F-16E7B02B088C}.Release|x64.ActiveCfg = Release|x64
		{85C92AAD-6F72-4263-8F2F-16E7B02B088C}.Release|x64.Build.0 = Release|x64
		{78C35E8C-1F61-40C0-A85B-5477C131C478}.Debug|x64.ActiveCfg = Debug|x64
		{78C35E8C-1F61-40C0-A85B-5477C131C478}.Debug|x64.Build.0 = Debug|x64
		{78C35E8C-1F61-40C0-A85B-5477C131C478}.Release|x64.ActiveCfg = Release|x64
		{78C35E8C-1F61-40C0-A85B-5477C131C478}.Release|x64.Build.0 = Release|x64
		{EDC72272-567A-4AEB-AB4D-52503EE42301}.Debug|x64.ActiveCfg = Debug|x64
		{EDC72272-567A-4AEB-AB4D-52503EE42301}.Debug|x64.Build.0 = Debug|x64
		{EDC72272-567A-4AEB-AB4D-52503EE42301}.Release|x64.ActiveCfg = Release|x64
		{EDC72272-567A-4AEB-AB4D-52503EE42301}.Release|x64.Build.0 = Release|x64
		{AF64754F-42E8-43E4-B245-5A5BF16A6FC9}.Debug|x64.ActiveCfg = Debug|x64
		{AF64754F-42E8-43E4-B245-5A5BF16A6FC9}.Debug|x64.Build.0 = Debug|x64
		{AF64754F-42E8-43E4-B245-5A5BF16A6FC9}.Release|x64.ActiveCfg = Release|x64
		{AF64754F-42E8-43E4-B245-5A5BF16A6FC9}.Release|x64.Build.0 = Release|x64
		{66E83814-17BF-4F9A-B931-4F6B6154A9F3}.Debug|x64.ActiveCfg = Debug|x64
		{66E83814-17BF-4F9A-B931-4F6B6154A9F3}.Debug|x64.Build.0 = Debug|x64
		{66E83814-17BF-4F9A-B931-4F6B6154A9F3}.Release|x64.ActiveCfg = Release|x64
		{66E83814-17BF-4F9A-B931-4F6B6154A9F3}.Release|x64.Build.0 = Release|x64
		{F5D21041-154B-4231-8B75-080206F69634}.Debug|x64.ActiveCfg = Debug|x64
		{F5D21041-154B-4231-8B75-080206F69634}.Debug|x64.Build.0 = Debug|x64
		{F5D21041-154B-4231-8B75-080206F69634}.Release|x64.ActiveCfg = Release|x64
		{F5D21041-154B-4231-8B75-080206F69634}.Release|x64.Build.0 = Release|x64
	EndGlobalSection
	GlobalSection(SolutionProperties) = preSolution
		HideSolutionNode = FALSE
	EndGlobalSection
EndGlobal
